// !$*UTF8*$!
{
	archiveVersion = 1;
	classes = {
	};
	objectVersion = 50;
	objects = {

/* Begin PBXBuildFile section */
		0ABD0FC7214AF4E300DF20C1 /* CourseListTableViewController.swift in Sources */ = {isa = PBXBuildFile; fileRef = 0ABD0FC6214AF4E300DF20C1 /* CourseListTableViewController.swift */; };
		0ABD0FC9214AF51900DF20C1 /* BookListTableViewController.swift in Sources */ = {isa = PBXBuildFile; fileRef = 0ABD0FC8214AF51900DF20C1 /* BookListTableViewController.swift */; };
		0ABD0FCE214AF5E200DF20C1 /* CourseTableViewCell.swift in Sources */ = {isa = PBXBuildFile; fileRef = 0ABD0FCD214AF5E200DF20C1 /* CourseTableViewCell.swift */; };
		0ABD0FD0214AF5EE00DF20C1 /* BookTableViewCell.swift in Sources */ = {isa = PBXBuildFile; fileRef = 0ABD0FCF214AF5EE00DF20C1 /* BookTableViewCell.swift */; };
		0ABD0FD2214AF60B00DF20C1 /* Course.swift in Sources */ = {isa = PBXBuildFile; fileRef = 0ABD0FD1214AF60B00DF20C1 /* Course.swift */; };
		0ABD0FD4214AF61300DF20C1 /* Book.swift in Sources */ = {isa = PBXBuildFile; fileRef = 0ABD0FD3214AF61300DF20C1 /* Book.swift */; };
		9128D0EE21483E0C00E8AE4C /* AppDelegate.swift in Sources */ = {isa = PBXBuildFile; fileRef = 9128D0ED21483E0C00E8AE4C /* AppDelegate.swift */; };
		9128D0F321483E0C00E8AE4C /* Main.storyboard in Resources */ = {isa = PBXBuildFile; fileRef = 9128D0F121483E0C00E8AE4C /* Main.storyboard */; };
		9128D0F521483E0E00E8AE4C /* Assets.xcassets in Resources */ = {isa = PBXBuildFile; fileRef = 9128D0F421483E0E00E8AE4C /* Assets.xcassets */; };
		9128D0F821483E0E00E8AE4C /* LaunchScreen.storyboard in Resources */ = {isa = PBXBuildFile; fileRef = 9128D0F621483E0E00E8AE4C /* LaunchScreen.storyboard */; };
/* End PBXBuildFile section */

/* Begin PBXFileReference section */
		0ABD0FC6214AF4E300DF20C1 /* CourseListTableViewController.swift */ = {isa = PBXFileReference; lastKnownFileType = sourcecode.swift; path = CourseListTableViewController.swift; sourceTree = "<group>"; };
		0ABD0FC8214AF51900DF20C1 /* BookListTableViewController.swift */ = {isa = PBXFileReference; lastKnownFileType = sourcecode.swift; path = BookListTableViewController.swift; sourceTree = "<group>"; };
		0ABD0FCD214AF5E200DF20C1 /* CourseTableViewCell.swift */ = {isa = PBXFileReference; lastKnownFileType = sourcecode.swift; path = CourseTableViewCell.swift; sourceTree = "<group>"; };
		0ABD0FCF214AF5EE00DF20C1 /* BookTableViewCell.swift */ = {isa = PBXFileReference; lastKnownFileType = sourcecode.swift; path = BookTableViewCell.swift; sourceTree = "<group>"; };
		0ABD0FD1214AF60B00DF20C1 /* Course.swift */ = {isa = PBXFileReference; lastKnownFileType = sourcecode.swift; path = Course.swift; sourceTree = "<group>"; };
		0ABD0FD3214AF61300DF20C1 /* Book.swift */ = {isa = PBXFileReference; lastKnownFileType = sourcecode.swift; path = Book.swift; sourceTree = "<group>"; };
		9128D0EA21483E0C00E8AE4C /* CoursesAndBooks.app */ = {isa = PBXFileReference; explicitFileType = wrapper.application; includeInIndex = 0; path = CoursesAndBooks.app; sourceTree = BUILT_PRODUCTS_DIR; };
		9128D0ED21483E0C00E8AE4C /* AppDelegate.swift */ = {isa = PBXFileReference; lastKnownFileType = sourcecode.swift; path = AppDelegate.swift; sourceTree = "<group>"; };
		9128D0F221483E0C00E8AE4C /* Base */ = {isa = PBXFileReference; lastKnownFileType = file.storyboard; name = Base; path = Base.lproj/Main.storyboard; sourceTree = "<group>"; };
		9128D0F421483E0E00E8AE4C /* Assets.xcassets */ = {isa = PBXFileReference; lastKnownFileType = folder.assetcatalog; path = Assets.xcassets; sourceTree = "<group>"; };
		9128D0F721483E0E00E8AE4C /* Base */ = {isa = PBXFileReference; lastKnownFileType = file.storyboard; name = Base; path = Base.lproj/LaunchScreen.storyboard; sourceTree = "<group>"; };
		9128D0F921483E0E00E8AE4C /* Info.plist */ = {isa = PBXFileReference; lastKnownFileType = text.plist.xml; path = Info.plist; sourceTree = "<group>"; };
/* End PBXFileReference section */

/* Begin PBXFrameworksBuildPhase section */
		9128D0E721483E0C00E8AE4C /* Frameworks */ = {
			isa = PBXFrameworksBuildPhase;
			buildActionMask = 2147483647;
			files = (
			);
			runOnlyForDeploymentPostprocessing = 0;
		};
/* End PBXFrameworksBuildPhase section */

/* Begin PBXGroup section */
		0ABD0FCA214AF55900DF20C1 /* Model */ = {
			isa = PBXGroup;
			children = (
				0ABD0FD1214AF60B00DF20C1 /* Course.swift */,
				0ABD0FD3214AF61300DF20C1 /* Book.swift */,
			);
			path = Model;
			sourceTree = "<group>";
		};
		0ABD0FCB214AF55D00DF20C1 /* View */ = {
			isa = PBXGroup;
			children = (
				0ABD0FCD214AF5E200DF20C1 /* CourseTableViewCell.swift */,
				0ABD0FCF214AF5EE00DF20C1 /* BookTableViewCell.swift */,
			);
			path = View;
			sourceTree = "<group>";
		};
		0ABD0FCC214AF56000DF20C1 /* Controller */ = {
			isa = PBXGroup;
			children = (
				0ABD0FC6214AF4E300DF20C1 /* CourseListTableViewController.swift */,
				0ABD0FC8214AF51900DF20C1 /* BookListTableViewController.swift */,
			);
			path = Controller;
			sourceTree = "<group>";
		};
		9128D0E121483E0C00E8AE4C = {
			isa = PBXGroup;
			children = (
				9128D0EC21483E0C00E8AE4C /* CoursesAndBooks */,
				9128D0EB21483E0C00E8AE4C /* Products */,
			);
			sourceTree = "<group>";
		};
		9128D0EB21483E0C00E8AE4C /* Products */ = {
			isa = PBXGroup;
			children = (
				9128D0EA21483E0C00E8AE4C /* CoursesAndBooks.app */,
			);
			name = Products;
			sourceTree = "<group>";
		};
		9128D0EC21483E0C00E8AE4C /* CoursesAndBooks */ = {
			isa = PBXGroup;
			children = (
				0ABD0FCC214AF56000DF20C1 /* Controller */,
				0ABD0FCB214AF55D00DF20C1 /* View */,
				0ABD0FCA214AF55900DF20C1 /* Model */,
				9128D0ED21483E0C00E8AE4C /* AppDelegate.swift */,
				9128D0F121483E0C00E8AE4C /* Main.storyboard */,
				9128D0F421483E0E00E8AE4C /* Assets.xcassets */,
				9128D0F621483E0E00E8AE4C /* LaunchScreen.storyboard */,
				9128D0F921483E0E00E8AE4C /* Info.plist */,
			);
			path = CoursesAndBooks;
			sourceTree = "<group>";
		};
/* End PBXGroup section */

/* Begin PBXNativeTarget section */
		9128D0E921483E0C00E8AE4C /* CoursesAndBooks */ = {
			isa = PBXNativeTarget;
			buildConfigurationList = 9128D0FC21483E0E00E8AE4C /* Build configuration list for PBXNativeTarget "CoursesAndBooks" */;
			buildPhases = (
				9128D0E621483E0C00E8AE4C /* Sources */,
				9128D0E721483E0C00E8AE4C /* Frameworks */,
				9128D0E821483E0C00E8AE4C /* Resources */,
			);
			buildRules = (
			);
			dependencies = (
			);
			name = CoursesAndBooks;
			productName = hw2;
			productReference = 9128D0EA21483E0C00E8AE4C /* CoursesAndBooks.app */;
			productType = "com.apple.product-type.application";
		};
/* End PBXNativeTarget section */

/* Begin PBXProject section */
		9128D0E221483E0C00E8AE4C /* Project object */ = {
			isa = PBXProject;
			attributes = {
				LastSwiftUpdateCheck = 0940;
				LastUpgradeCheck = 0940;
				ORGANIZATIONNAME = "University of Kentucky";
				TargetAttributes = {
					9128D0E921483E0C00E8AE4C = {
						CreatedOnToolsVersion = 9.4.1;
					};
				};
			};
			buildConfigurationList = 9128D0E521483E0C00E8AE4C /* Build configuration list for PBXProject "CoursesAndBooks" */;
			compatibilityVersion = "Xcode 9.3";
			developmentRegion = en;
			hasScannedForEncodings = 0;
			knownRegions = (
				en,
				Base,
			);
			mainGroup = 9128D0E121483E0C00E8AE4C;
			productRefGroup = 9128D0EB21483E0C00E8AE4C /* Products */;
			projectDirPath = "";
			projectRoot = "";
			targets = (
				9128D0E921483E0C00E8AE4C /* CoursesAndBooks */,
			);
		};
/* End PBXProject section */

/* Begin PBXResourcesBuildPhase section */
		9128D0E821483E0C00E8AE4C /* Resources */ = {
			isa = PBXResourcesBuildPhase;
			buildActionMask = 2147483647;
			files = (
				9128D0F821483E0E00E8AE4C /* LaunchScreen.storyboard in Resources */,
				9128D0F521483E0E00E8AE4C /* Assets.xcassets in Resources */,
				9128D0F321483E0C00E8AE4C /* Main.storyboard in Resources */,
			);
			runOnlyForDeploymentPostprocessing = 0;
		};
/* End PBXResourcesBuildPhase section */

/* Begin PBXSourcesBuildPhase section */
		9128D0E621483E0C00E8AE4C /* Sources */ = {
			isa = PBXSourcesBuildPhase;
			buildActionMask = 2147483647;
			files = (
				0ABD0FD2214AF60B00DF20C1 /* Course.swift in Sources */,
				0ABD0FCE214AF5E200DF20C1 /* CourseTableViewCell.swift in Sources */,
				0ABD0FD4214AF61300DF20C1 /* Book.swift in Sources */,
				0ABD0FC7214AF4E300DF20C1 /* CourseListTableViewController.swift in Sources */,
				9128D0EE21483E0C00E8AE4C /* AppDelegate.swift in Sources */,
				0ABD0FD0214AF5EE00DF20C1 /* BookTableViewCell.swift in Sources */,
				0ABD0FC9214AF51900DF20C1 /* BookListTableViewController.swift in Sources */,
			);
			runOnlyForDeploymentPostprocessing = 0;
		};
/* End PBXSourcesBuildPhase section */

/* Begin PBXVariantGroup section */
		9128D0F121483E0C00E8AE4C /* Main.storyboard */ = {
			isa = PBXVariantGroup;
			children = (
				9128D0F221483E0C00E8AE4C /* Base */,
			);
			name = Main.storyboard;
			sourceTree = "<group>";
		};
		9128D0F621483E0E00E8AE4C /* LaunchScreen.storyboard */ = {
			isa = PBXVariantGroup;
			children = (
				9128D0F721483E0E00E8AE4C /* Base */,
			);
			name = LaunchScreen.storyboard;
			sourceTree = "<group>";
		};
/* End PBXVariantGroup section */

/* Begin XCBuildConfiguration section */
		9128D0FA21483E0E00E8AE4C /* Debug */ = {
			isa = XCBuildConfiguration;
			buildSettings = {
				ALWAYS_SEARCH_USER_PATHS = NO;
				CLANG_ANALYZER_NONNULL = YES;
				CLANG_ANALYZER_NUMBER_OBJECT_CONVERSION = YES_AGGRESSIVE;
				CLANG_CXX_LANGUAGE_STANDARD = "gnu++14";
				CLANG_CXX_LIBRARY = "libc++";
				CLANG_ENABLE_MODULES = YES;
				CLANG_ENABLE_OBJC_ARC = YES;
				CLANG_ENABLE_OBJC_WEAK = YES;
				CLANG_WARN_BLOCK_CAPTURE_AUTORELEASING = YES;
				CLANG_WARN_BOOL_CONVERSION = YES;
				CLANG_WARN_COMMA = YES;
				CLANG_WARN_CONSTANT_CONVERSION = YES;
				CLANG_WARN_DEPRECATED_OBJC_IMPLEMENTATIONS = YES;
				CLANG_WARN_DIRECT_OBJC_ISA_USAGE = YES_ERROR;
				CLANG_WARN_DOCUMENTATION_COMMENTS = YES;
				CLANG_WARN_EMPTY_BODY = YES;
				CLANG_WARN_ENUM_CONVERSION = YES;
				CLANG_WARN_INFINITE_RECURSION = YES;
				CLANG_WARN_INT_CONVERSION = YES;
				CLANG_WARN_NON_LITERAL_NULL_CONVERSION = YES;
				CLANG_WARN_OBJC_IMPLICIT_RETAIN_SELF = YES;
				CLANG_WARN_OBJC_LITERAL_CONVERSION = YES;
				CLANG_WARN_OBJC_ROOT_CLASS = YES_ERROR;
				CLANG_WARN_RANGE_LOOP_ANALYSIS = YES;
				CLANG_WARN_STRICT_PROTOTYPES = YES;
				CLANG_WARN_SUSPICIOUS_MOVE = YES;
				CLANG_WARN_UNGUARDED_AVAILABILITY = YES_AGGRESSIVE;
				CLANG_WARN_UNREACHABLE_CODE = YES;
				CLANG_WARN__DUPLICATE_METHOD_MATCH = YES;
				CODE_SIGN_IDENTITY = "iPhone Developer";
				COPY_PHASE_STRIP = NO;
				DEBUG_INFORMATION_FORMAT = dwarf;
				ENABLE_STRICT_OBJC_MSGSEND = YES;
				ENABLE_TESTABILITY = YES;
				GCC_C_LANGUAGE_STANDARD = gnu11;
				GCC_DYNAMIC_NO_PIC = NO;
				GCC_NO_COMMON_BLOCKS = YES;
				GCC_OPTIMIZATION_LEVEL = 0;
				GCC_PREPROCESSOR_DEFINITIONS = (
					"DEBUG=1",
					"$(inherited)",
				);
				GCC_WARN_64_TO_32_BIT_CONVERSION = YES;
				GCC_WARN_ABOUT_RETURN_TYPE = YES_ERROR;
				GCC_WARN_UNDECLARED_SELECTOR = YES;
				GCC_WARN_UNINITIALIZED_AUTOS = YES_AGGRESSIVE;
				GCC_WARN_UNUSED_FUNCTION = YES;
				GCC_WARN_UNUSED_VARIABLE = YES;
				IPHONEOS_DEPLOYMENT_TARGET = 11.4;
				MTL_ENABLE_DEBUG_INFO = YES;
				ONLY_ACTIVE_ARCH = YES;
				SDKROOT = iphoneos;
				SWIFT_ACTIVE_COMPILATION_CONDITIONS = DEBUG;
				SWIFT_OPTIMIZATION_LEVEL = "-Onone";
			};
			name = Debug;
		};
		9128D0FB21483E0E00E8AE4C /* Release */ = {
			isa = XCBuildConfiguration;
			buildSettings = {
				ALWAYS_SEARCH_USER_PATHS = NO;
				CLANG_ANALYZER_NONNULL = YES;
				CLANG_ANALYZER_NUMBER_OBJECT_CONVERSION = YES_AGGRESSIVE;
				CLANG_CXX_LANGUAGE_STANDARD = "gnu++14";
				CLANG_CXX_LIBRARY = "libc++";
				CLANG_ENABLE_MODULES = YES;
				CLANG_ENABLE_OBJC_ARC = YES;
				CLANG_ENABLE_OBJC_WEAK = YES;
				CLANG_WARN_BLOCK_CAPTURE_AUTORELEASING = YES;
				CLANG_WARN_BOOL_CONVERSION = YES;
				CLANG_WARN_COMMA = YES;
				CLANG_WARN_CONSTANT_CONVERSION = YES;
				CLANG_WARN_DEPRECATED_OBJC_IMPLEMENTATIONS = YES;
				CLANG_WARN_DIRECT_OBJC_ISA_USAGE = YES_ERROR;
				CLANG_WARN_DOCUMENTATION_COMMENTS = YES;
				CLANG_WARN_EMPTY_BODY = YES;
				CLANG_WARN_ENUM_CONVERSION = YES;
				CLANG_WARN_INFINITE_RECURSION = YES;
				CLANG_WARN_INT_CONVERSION = YES;
				CLANG_WARN_NON_LITERAL_NULL_CONVERSION = YES;
				CLANG_WARN_OBJC_IMPLICIT_RETAIN_SELF = YES;
				CLANG_WARN_OBJC_LITERAL_CONVERSION = YES;
				CLANG_WARN_OBJC_ROOT_CLASS = YES_ERROR;
				CLANG_WARN_RANGE_LOOP_ANALYSIS = YES;
				CLANG_WARN_STRICT_PROTOTYPES = YES;
				CLANG_WARN_SUSPICIOUS_MOVE = YES;
				CLANG_WARN_UNGUARDED_AVAILABILITY = YES_AGGRESSIVE;
				CLANG_WARN_UNREACHABLE_CODE = YES;
				CLANG_WARN__DUPLICATE_METHOD_MATCH = YES;
				CODE_SIGN_IDENTITY = "iPhone Developer";
				COPY_PHASE_STRIP = NO;
				DEBUG_INFORMATION_FORMAT = "dwarf-with-dsym";
				ENABLE_NS_ASSERTIONS = NO;
				ENABLE_STRICT_OBJC_MSGSEND = YES;
				GCC_C_LANGUAGE_STANDARD = gnu11;
				GCC_NO_COMMON_BLOCKS = YES;
				GCC_WARN_64_TO_32_BIT_CONVERSION = YES;
				GCC_WARN_ABOUT_RETURN_TYPE = YES_ERROR;
				GCC_WARN_UNDECLARED_SELECTOR = YES;
				GCC_WARN_UNINITIALIZED_AUTOS = YES_AGGRESSIVE;
				GCC_WARN_UNUSED_FUNCTION = YES;
				GCC_WARN_UNUSED_VARIABLE = YES;
				IPHONEOS_DEPLOYMENT_TARGET = 11.4;
				MTL_ENABLE_DEBUG_INFO = NO;
				SDKROOT = iphoneos;
				SWIFT_COMPILATION_MODE = wholemodule;
				SWIFT_OPTIMIZATION_LEVEL = "-O";
				VALIDATE_PRODUCT = YES;
			};
			name = Release;
		};
		9128D0FD21483E0E00E8AE4C /* Debug */ = {
			isa = XCBuildConfiguration;
			buildSettings = {
				ASSETCATALOG_COMPILER_APPICON_NAME = AppIcon;
				CODE_SIGN_STYLE = Automatic;
				DEVELOPMENT_TEAM = K26KDKYY38;
				INFOPLIST_FILE = "$(SRCROOT)/CoursesAndBooks/Info.plist";
				LD_RUNPATH_SEARCH_PATHS = (
					"$(inherited)",
					"@executable_path/Frameworks",
				);
				PRODUCT_BUNDLE_IDENTIFIER = com.ukycs.hw2;
				PRODUCT_NAME = "$(TARGET_NAME)";
				SWIFT_VERSION = 4.0;
				TARGETED_DEVICE_FAMILY = "1,2";
			};
			name = Debug;
		};
		9128D0FE21483E0E00E8AE4C /* Release */ = {
			isa = XCBuildConfiguration;
			buildSettings = {
				ASSETCATALOG_COMPILER_APPICON_NAME = AppIcon;
				CODE_SIGN_STYLE = Automatic;
				DEVELOPMENT_TEAM = K26KDKYY38;
				INFOPLIST_FILE = "$(SRCROOT)/CoursesAndBooks/Info.plist";
				LD_RUNPATH_SEARCH_PATHS = (
					"$(inherited)",
					"@executable_path/Frameworks",
				);
				PRODUCT_BUNDLE_IDENTIFIER = com.ukycs.hw2;
				PRODUCT_NAME = "$(TARGET_NAME)";
				SWIFT_VERSION = 4.0;
				TARGETED_DEVICE_FAMILY = "1,2";
			};
			name = Release;
		};
/* End XCBuildConfiguration section */

/* Begin XCConfigurationList section */
		9128D0E521483E0C00E8AE4C /* Build configuration list for PBXProject "CoursesAndBooks" */ = {
			isa = XCConfigurationList;
			buildConfigurations = (
				9128D0FA21483E0E00E8AE4C /* Debug */,
				9128D0FB21483E0E00E8AE4C /* Release */,
			);
			defaultConfigurationIsVisible = 0;
			defaultConfigurationName = Release;
		};
		9128D0FC21483E0E00E8AE4C /* Build configuration list for PBXNativeTarget "CoursesAndBooks" */ = {
			isa = XCConfigurationList;
			buildConfigurations = (
				9128D0FD21483E0E00E8AE4C /* Debug */,
				9128D0FE21483E0E00E8AE4C /* Release */,
			);
			defaultConfigurationIsVisible = 0;
			defaultConfigurationName = Release;
		};
/* End XCConfigurationList section */
	};
	rootObject = 9128D0E221483E0C00E8AE4C /* Project object */;
}
